{
    "name": "com.puship.start",
    "version": "1.0.0",
    "lockfileVersion": 1,
    "requires": true,
    "dependencies": {
        "puship-plugin": {
            "version": "2.0.0",
            "resolved": "https://registry.npmjs.org/puship-plugin/-/puship-plugin-2.0.0.tgz",
            "integrity": "sha512-4jVE067uDyuF36flUsD8syIKXjzoS0D9+vd2dgyF3TqzPmoZeRLGTHrrrIivcfrAa9dEmAvbFF4NdTPzYQfL4g=="
        }
    }
}
