{
    "name": "com.puship.start",
    "version": "1.0.1",
    "lockfileVersion": 1,
    "requires": true,
    "dependencies": {
        "@havesource/cordova-plugin-push": {
            "version": "3.0.1",
            "resolved": "https://registry.npmjs.org/@havesource/cordova-plugin-push/-/cordova-plugin-push-3.0.1.tgz",
            "integrity": "sha512-x13Q765SlgvQJLT/XinXObR92D9G0fxDaL2ZuawqCePDek+r+o0Dl5A9EKf228HRcREuApR/BxUVXvr7yAi4uw==",
            "dev": true
        },
        "cordova-plugin-device": {
            "version": "2.1.0",
            "resolved": "https://registry.npmjs.org/cordova-plugin-device/-/cordova-plugin-device-2.1.0.tgz",
            "integrity": "sha512-FU0Lw1jZpuKOgG4v80LrfMAOIMCGfAVPumn7AwaX9S1iU/X3OPZUyoKUgP09q4bxL35IeNPkqNWVKYduAXZ1sg==",
            "dev": true
        },
        "cordova-plugin-geolocation": {
            "version": "4.1.0",
            "resolved": "https://registry.npmjs.org/cordova-plugin-geolocation/-/cordova-plugin-geolocation-4.1.0.tgz",
            "integrity": "sha512-y5io/P10xGMxSn2KEqfv/fExK47eA1pmSonJdmDqDsaSADV9JpgdPx0mUSA08+5pzma/OS9R0LoODeDPx7Jvjg==",
            "dev": true
        },
        "cordova-plugin-push": {
            "version": "0.0.1",
            "resolved": "https://registry.npmjs.org/cordova-plugin-push/-/cordova-plugin-push-0.0.1.tgz",
            "integrity": "sha512-YTH26sXHiauakUB0V4SLsD9i86Erd+m3ttZUbjAKvgqky+pLU4akFKNMsY1H+KT1D6bH/o+KDtnGWm5s9lfH2A==",
            "dev": true
        },
        "puship-plugin": {
            "version": "2.1.0",
            "resolved": "https://registry.npmjs.org/puship-plugin/-/puship-plugin-2.1.0.tgz",
            "integrity": "sha512-9VFMr2nZODKg7FrtsCFvB3Q6cfiSqBZReOPoB07LwLK+a2CUtRPk1yQdHB5leu+RKKXZilK2Z3gyX0v5O/6VUw==",
            "dev": true
        }
    }
}
